
Microsoft Visual Studio Solution File, Format Version 12.00
# Visual Studio Version 17
VisualStudioVersion = 17.12.35707.178
MinimumVisualStudioVersion = 10.0.40219.1
Project("{FAE04EC0-301F-11D3-BF4B-00C04F79EFBC}") = "Agricultural", "Agricultural\Agricultural.csproj", "{515199F3-DA8F-439C-99B5-2FB4A650BA81}"
EndProject
Project("{FAE04EC0-301F-11D3-BF4B-00C04F79EFBC}") = "Agricultural.Core", "Agricultural.Core\Agricultural.Core.csproj", "{CEC0E79C-8890-4BD4-BFB2-4D56EAF69085}"
EndProject
Project("{FAE04EC0-301F-11D3-BF4B-00C04F79EFBC}") = "Agricultural.Repo", "Agricultural.Repo\Agricultural.Repo.csproj", "{B72E516C-5870-4E19-9CC9-5905353A9C14}"
EndProject
Project("{FAE04EC0-301F-11D3-BF4B-00C04F79EFBC}") = "Agricultural.Serv", "Agricultural.Serv\Agricultural.Serv.csproj", "{E9BC42E2-73F3-4F3A-A686-0BEFF0F14859}"
EndProject
Project("{2150E333-8FDC-42A3-9474-1A3956D46DE8}") = "Solution Items", "Solution Items", "{28350383-66EE-4B43-AB10-77462E93D820}"
	ProjectSection(SolutionItems) = preProject
		Dockerfile = Dockerfile
	EndProjectSection
EndProject
Global
	GlobalSection(SolutionConfigurationPlatforms) = preSolution
		Debug|Any CPU = Debug|Any CPU
		Release|Any CPU = Release|Any CPU
	EndGlobalSection
	GlobalSection(ProjectConfigurationPlatforms) = postSolution
		{515199F3-DA8F-439C-99B5-2FB4A650BA81}.Debug|Any CPU.ActiveCfg = Debug|Any CPU
		{515199F3-DA8F-439C-99B5-2FB4A650BA81}.Debug|Any CPU.Build.0 = Debug|Any CPU
		{515199F3-DA8F-439C-99B5-2FB4A650BA81}.Release|Any CPU.ActiveCfg = Release|Any CPU
		{515199F3-DA8F-439C-99B5-2FB4A650BA81}.Release|Any CPU.Build.0 = Release|Any CPU
		{CEC0E79C-8890-4BD4-BFB2-4D56EAF69085}.Debug|Any CPU.ActiveCfg = Debug|Any CPU
		{CEC0E79C-8890-4BD4-BFB2-4D56EAF69085}.Debug|Any CPU.Build.0 = Debug|Any CPU
		{CEC0E79C-8890-4BD4-BFB2-4D56EAF69085}.Release|Any CPU.ActiveCfg = Release|Any CPU
		{CEC0E79C-8890-4BD4-BFB2-4D56EAF69085}.Release|Any CPU.Build.0 = Release|Any CPU
		{B72E516C-5870-4E19-9CC9-5905353A9C14}.Debug|Any CPU.ActiveCfg = Debug|Any CPU
		{B72E516C-5870-4E19-9CC9-5905353A9C14}.Debug|Any CPU.Build.0 = Debug|Any CPU
		{B72E516C-5870-4E19-9CC9-5905353A9C14}.Release|Any CPU.ActiveCfg = Release|Any CPU
		{B72E516C-5870-4E19-9CC9-5905353A9C14}.Release|Any CPU.Build.0 = Release|Any CPU
		{E9BC42E2-73F3-4F3A-A686-0BEFF0F14859}.Debug|Any CPU.ActiveCfg = Debug|Any CPU
		{E9BC42E2-73F3-4F3A-A686-0BEFF0F14859}.Debug|Any CPU.Build.0 = Debug|Any CPU
		{E9BC42E2-73F3-4F3A-A686-0BEFF0F14859}.Release|Any CPU.ActiveCfg = Release|Any CPU
		{E9BC42E2-73F3-4F3A-A686-0BEFF0F14859}.Release|Any CPU.Build.0 = Release|Any CPU
	EndGlobalSection
	GlobalSection(SolutionProperties) = preSolution
		HideSolutionNode = FALSE
	EndGlobalSection
EndGlobal
